
Microsoft Visual Studio Solution File, Format Version 12.00
Project("{FAE04EC0-301F-11D3-BF4B-00C04F79EFBC}") = "IdeaSpend.API", "IdeaSpend.API\IdeaSpend.API.csproj", "{7F3F72C9-FE50-4749-81A9-0202E5A73C64}"
EndProject
Global
	GlobalSection(SolutionConfigurationPlatforms) = preSolution
		Debug|Any CPU = Debug|Any CPU
		Release|Any CPU = Release|Any CPU
	EndGlobalSection
	GlobalSection(ProjectConfigurationPlatforms) = postSolution
		{7F3F72C9-FE50-4749-81A9-0202E5A73C64}.Debug|Any CPU.ActiveCfg = Debug|Any CPU
		{7F3F72C9-FE50-4749-81A9-0202E5A73C64}.Debug|Any CPU.Build.0 = Debug|Any CPU
		{7F3F72C9-FE50-4749-81A9-0202E5A73C64}.Release|Any CPU.ActiveCfg = Release|Any CPU
		{7F3F72C9-FE50-4749-81A9-0202E5A73C64}.Release|Any CPU.Build.0 = Release|Any CPU
	EndGlobalSection
EndGlobal
